// !$*UTF8*$!
{
	archiveVersion = 1;
	classes = {
	};
	objectVersion = 56;
	objects = {

/* Begin PBXBuildFile section */
		7B63EBC729AA45AE003EEE09 /* HeroAnimationApp.swift in Sources */ = {isa = PBXBuildFile; fileRef = 7B63EBC629AA45AE003EEE09 /* HeroAnimationApp.swift */; };
		7B63EBC929AA45AE003EEE09 /* ContentView.swift in Sources */ = {isa = PBXBuildFile; fileRef = 7B63EBC829AA45AE003EEE09 /* ContentView.swift */; };
		7B63EBCB29AA45B3003EEE09 /* Assets.xcassets in Resources */ = {isa = PBXBuildFile; fileRef = 7B63EBCA29AA45B3003EEE09 /* Assets.xcassets */; };
		7B63EBCE29AA45B3003EEE09 /* Preview Assets.xcassets in Resources */ = {isa = PBXBuildFile; fileRef = 7B63EBCD29AA45B3003EEE09 /* Preview Assets.xcassets */; };
		7B63EBD829AA45B3003EEE09 /* HeroAnimationTests.swift in Sources */ = {isa = PBXBuildFile; fileRef = 7B63EBD729AA45B3003EEE09 /* HeroAnimationTests.swift */; };
		7B63EBE229AA45B3003EEE09 /* HeroAnimationUITests.swift in Sources */ = {isa = PBXBuildFile; fileRef = 7B63EBE129AA45B3003EEE09 /* HeroAnimationUITests.swift */; };
		7B63EBE429AA45B3003EEE09 /* HeroAnimationUITestsLaunchTests.swift in Sources */ = {isa = PBXBuildFile; fileRef = 7B63EBE329AA45B3003EEE09 /* HeroAnimationUITestsLaunchTests.swift */; };
/* End PBXBuildFile section */

/* Begin PBXContainerItemProxy section */
		7B63EBD429AA45B3003EEE09 /* PBXContainerItemProxy */ = {
			isa = PBXContainerItemProxy;
			containerPortal = 7B63EBBB29AA45AE003EEE09 /* Project object */;
			proxyType = 1;
			remoteGlobalIDString = 7B63EBC229AA45AE003EEE09;
			remoteInfo = HeroAnimation;
		};
		7B63EBDE29AA45B3003EEE09 /* PBXContainerItemProxy */ = {
			isa = PBXContainerItemProxy;
			containerPortal = 7B63EBBB29AA45AE003EEE09 /* Project object */;
			proxyType = 1;
			remoteGlobalIDString = 7B63EBC229AA45AE003EEE09;
			remoteInfo = HeroAnimation;
		};
/* End PBXContainerItemProxy section */

/* Begin PBXFileReference section */
		7B63EBC329AA45AE003EEE09 /* HeroAnimation.app */ = {isa = PBXFileReference; explicitFileType = wrapper.application; includeInIndex = 0; path = HeroAnimation.app; sourceTree = BUILT_PRODUCTS_DIR; };
		7B63EBC629AA45AE003EEE09 /* HeroAnimationApp.swift */ = {isa = PBXFileReference; lastKnownFileType = sourcecode.swift; path = HeroAnimationApp.swift; sourceTree = "<group>"; };
		7B63EBC829AA45AE003EEE09 /* ContentView.swift */ = {isa = PBXFileReference; lastKnownFileType = sourcecode.swift; path = ContentView.swift; sourceTree = "<group>"; };
		7B63EBCA29AA45B3003EEE09 /* Assets.xcassets */ = {isa = PBXFileReference; lastKnownFileType = folder.assetcatalog; path = Assets.xcassets; sourceTree = "<group>"; };
		7B63EBCD29AA45B3003EEE09 /* Preview Assets.xcassets */ = {isa = PBXFileReference; lastKnownFileType = folder.assetcatalog; path = "Preview Assets.xcassets"; sourceTree = "<group>"; };
		7B63EBD329AA45B3003EEE09 /* HeroAnimationTests.xctest */ = {isa = PBXFileReference; explicitFileType = wrapper.cfbundle; includeInIndex = 0; path = HeroAnimationTests.xctest; sourceTree = BUILT_PRODUCTS_DIR; };
		7B63EBD729AA45B3003EEE09 /* HeroAnimationTests.swift */ = {isa = PBXFileReference; lastKnownFileType = sourcecode.swift; path = HeroAnimationTests.swift; sourceTree = "<group>"; };
		7B63EBDD29AA45B3003EEE09 /* HeroAnimationUITests.xctest */ = {isa = PBXFileReference; explicitFileType = wrapper.cfbundle; includeInIndex = 0; path = HeroAnimationUITests.xctest; sourceTree = BUILT_PRODUCTS_DIR; };
		7B63EBE129AA45B3003EEE09 /* HeroAnimationUITests.swift */ = {isa = PBXFileReference; lastKnownFileType = sourcecode.swift; path = HeroAnimationUITests.swift; sourceTree = "<group>"; };
		7B63EBE329AA45B3003EEE09 /* HeroAnimationUITestsLaunchTests.swift */ = {isa = PBXFileReference; lastKnownFileType = sourcecode.swift; path = HeroAnimationUITestsLaunchTests.swift; sourceTree = "<group>"; };
/* End PBXFileReference section */

/* Begin PBXFrameworksBuildPhase section */
		7B63EBC029AA45AE003EEE09 /* Frameworks */ = {
			isa = PBXFrameworksBuildPhase;
			buildActionMask = 2147483647;
			files = (
			);
			runOnlyForDeploymentPostprocessing = 0;
		};
		7B63EBD029AA45B3003EEE09 /* Frameworks */ = {
			isa = PBXFrameworksBuildPhase;
			buildActionMask = 2147483647;
			files = (
			);
			runOnlyForDeploymentPostprocessing = 0;
		};
		7B63EBDA29AA45B3003EEE09 /* Frameworks */ = {
			isa = PBXFrameworksBuildPhase;
			buildActionMask = 2147483647;
			files = (
			);
			runOnlyForDeploymentPostprocessing = 0;
		};
/* End PBXFrameworksBuildPhase section */

/* Begin PBXGroup section */
		7B63EBBA29AA45AE003EEE09 = {
			isa = PBXGroup;
			children = (
				7B63EBC529AA45AE003EEE09 /* HeroAnimation */,
				7B63EBD629AA45B3003EEE09 /* HeroAnimationTests */,
				7B63EBE029AA45B3003EEE09 /* HeroAnimationUITests */,
				7B63EBC429AA45AE003EEE09 /* Products */,
			);
			sourceTree = "<group>";
		};
		7B63EBC429AA45AE003EEE09 /* Products */ = {
			isa = PBXGroup;
			children = (
				7B63EBC329AA45AE003EEE09 /* HeroAnimation.app */,
				7B63EBD329AA45B3003EEE09 /* HeroAnimationTests.xctest */,
				7B63EBDD29AA45B3003EEE09 /* HeroAnimationUITests.xctest */,
			);
			name = Products;
			sourceTree = "<group>";
		};
		7B63EBC529AA45AE003EEE09 /* HeroAnimation */ = {
			isa = PBXGroup;
			children = (
				7B63EBC629AA45AE003EEE09 /* HeroAnimationApp.swift */,
				7B63EBC829AA45AE003EEE09 /* ContentView.swift */,
				7B63EBCA29AA45B3003EEE09 /* Assets.xcassets */,
				7B63EBCC29AA45B3003EEE09 /* Preview Content */,
			);
			path = HeroAnimation;
			sourceTree = "<group>";
		};
		7B63EBCC29AA45B3003EEE09 /* Preview Content */ = {
			isa = PBXGroup;
			children = (
				7B63EBCD29AA45B3003EEE09 /* Preview Assets.xcassets */,
			);
			path = "Preview Content";
			sourceTree = "<group>";
		};
		7B63EBD629AA45B3003EEE09 /* HeroAnimationTests */ = {
			isa = PBXGroup;
			children = (
				7B63EBD729AA45B3003EEE09 /* HeroAnimationTests.swift */,
			);
			path = HeroAnimationTests;
			sourceTree = "<group>";
		};
		7B63EBE029AA45B3003EEE09 /* HeroAnimationUITests */ = {
			isa = PBXGroup;
			children = (
				7B63EBE129AA45B3003EEE09 /* HeroAnimationUITests.swift */,
				7B63EBE329AA45B3003EEE09 /* HeroAnimationUITestsLaunchTests.swift */,
			);
			path = HeroAnimationUITests;
			sourceTree = "<group>";
		};
/* End PBXGroup section */

/* Begin PBXNativeTarget section */
		7B63EBC229AA45AE003EEE09 /* HeroAnimation */ = {
			isa = PBXNativeTarget;
			buildConfigurationList = 7B63EBE729AA45B3003EEE09 /* Build configuration list for PBXNativeTarget "HeroAnimation" */;
			buildPhases = (
				7B63EBBF29AA45AE003EEE09 /* Sources */,
				7B63EBC029AA45AE003EEE09 /* Frameworks */,
				7B63EBC129AA45AE003EEE09 /* Resources */,
			);
			buildRules = (
			);
			dependencies = (
			);
			name = HeroAnimation;
			productName = HeroAnimation;
			productReference = 7B63EBC329AA45AE003EEE09 /* HeroAnimation.app */;
			productType = "com.apple.product-type.application";
		};
		7B63EBD229AA45B3003EEE09 /* HeroAnimationTests */ = {
			isa = PBXNativeTarget;
			buildConfigurationList = 7B63EBEA29AA45B3003EEE09 /* Build configuration list for PBXNativeTarget "HeroAnimationTests" */;
			buildPhases = (
				7B63EBCF29AA45B3003EEE09 /* Sources */,
				7B63EBD029AA45B3003EEE09 /* Frameworks */,
				7B63EBD129AA45B3003EEE09 /* Resources */,
			);
			buildRules = (
			);
			dependencies = (
				7B63EBD529AA45B3003EEE09 /* PBXTargetDependency */,
			);
			name = HeroAnimationTests;
			productName = HeroAnimationTests;
			productReference = 7B63EBD329AA45B3003EEE09 /* HeroAnimationTests.xctest */;
			productType = "com.apple.product-type.bundle.unit-test";
		};
		7B63EBDC29AA45B3003EEE09 /* HeroAnimationUITests */ = {
			isa = PBXNativeTarget;
			buildConfigurationList = 7B63EBED29AA45B3003EEE09 /* Build configuration list for PBXNativeTarget "HeroAnimationUITests" */;
			buildPhases = (
				7B63EBD929AA45B3003EEE09 /* Sources */,
				7B63EBDA29AA45B3003EEE09 /* Frameworks */,
				7B63EBDB29AA45B3003EEE09 /* Resources */,
			);
			buildRules = (
			);
			dependencies = (
				7B63EBDF29AA45B3003EEE09 /* PBXTargetDependency */,
			);
			name = HeroAnimationUITests;
			productName = HeroAnimationUITests;
			productReference = 7B63EBDD29AA45B3003EEE09 /* HeroAnimationUITests.xctest */;
			productType = "com.apple.product-type.bundle.ui-testing";
		};
/* End PBXNativeTarget section */

/* Begin PBXProject section */
		7B63EBBB29AA45AE003EEE09 /* Project object */ = {
			isa = PBXProject;
			attributes = {
				BuildIndependentTargetsInParallel = 1;
				LastSwiftUpdateCheck = 1420;
				LastUpgradeCheck = 1420;
				TargetAttributes = {
					7B63EBC229AA45AE003EEE09 = {
						CreatedOnToolsVersion = 14.2;
					};
					7B63EBD229AA45B3003EEE09 = {
						CreatedOnToolsVersion = 14.2;
						TestTargetID = 7B63EBC229AA45AE003EEE09;
					};
					7B63EBDC29AA45B3003EEE09 = {
						CreatedOnToolsVersion = 14.2;
						TestTargetID = 7B63EBC229AA45AE003EEE09;
					};
				};
			};
			buildConfigurationList = 7B63EBBE29AA45AE003EEE09 /* Build configuration list for PBXProject "HeroAnimation" */;
			compatibilityVersion = "Xcode 14.0";
			developmentRegion = en;
			hasScannedForEncodings = 0;
			knownRegions = (
				en,
				Base,
			);
			mainGroup = 7B63EBBA29AA45AE003EEE09;
			productRefGroup = 7B63EBC429AA45AE003EEE09 /* Products */;
			projectDirPath = "";
			projectRoot = "";
			targets = (
				7B63EBC229AA45AE003EEE09 /* HeroAnimation */,
				7B63EBD229AA45B3003EEE09 /* HeroAnimationTests */,
				7B63EBDC29AA45B3003EEE09 /* HeroAnimationUITests */,
			);
		};
/* End PBXProject section */

/* Begin PBXResourcesBuildPhase section */
		7B63EBC129AA45AE003EEE09 /* Resources */ = {
			isa = PBXResourcesBuildPhase;
			buildActionMask = 2147483647;
			files = (
				7B63EBCE29AA45B3003EEE09 /* Preview Assets.xcassets in Resources */,
				7B63EBCB29AA45B3003EEE09 /* Assets.xcassets in Resources */,
			);
			runOnlyForDeploymentPostprocessing = 0;
		};
		7B63EBD129AA45B3003EEE09 /* Resources */ = {
			isa = PBXResourcesBuildPhase;
			buildActionMask = 2147483647;
			files = (
			);
			runOnlyForDeploymentPostprocessing = 0;
		};
		7B63EBDB29AA45B3003EEE09 /* Resources */ = {
			isa = PBXResourcesBuildPhase;
			buildActionMask = 2147483647;
			files = (
			);
			runOnlyForDeploymentPostprocessing = 0;
		};
/* End PBXResourcesBuildPhase section */

/* Begin PBXSourcesBuildPhase section */
		7B63EBBF29AA45AE003EEE09 /* Sources */ = {
			isa = PBXSourcesBuildPhase;
			buildActionMask = 2147483647;
			files = (
				7B63EBC929AA45AE003EEE09 /* ContentView.swift in Sources */,
				7B63EBC729AA45AE003EEE09 /* HeroAnimationApp.swift in Sources */,
			);
			runOnlyForDeploymentPostprocessing = 0;
		};
		7B63EBCF29AA45B3003EEE09 /* Sources */ = {
			isa = PBXSourcesBuildPhase;
			buildActionMask = 2147483647;
			files = (
				7B63EBD829AA45B3003EEE09 /* HeroAnimationTests.swift in Sources */,
			);
			runOnlyForDeploymentPostprocessing = 0;
		};
		7B63EBD929AA45B3003EEE09 /* Sources */ = {
			isa = PBXSourcesBuildPhase;
			buildActionMask = 2147483647;
			files = (
				7B63EBE229AA45B3003EEE09 /* HeroAnimationUITests.swift in Sources */,
				7B63EBE429AA45B3003EEE09 /* HeroAnimationUITestsLaunchTests.swift in Sources */,
			);
			runOnlyForDeploymentPostprocessing = 0;
		};
/* End PBXSourcesBuildPhase section */

/* Begin PBXTargetDependency section */
		7B63EBD529AA45B3003EEE09 /* PBXTargetDependency */ = {
			isa = PBXTargetDependency;
			target = 7B63EBC229AA45AE003EEE09 /* HeroAnimation */;
			targetProxy = 7B63EBD429AA45B3003EEE09 /* PBXContainerItemProxy */;
		};
		7B63EBDF29AA45B3003EEE09 /* PBXTargetDependency */ = {
			isa = PBXTargetDependency;
			target = 7B63EBC229AA45AE003EEE09 /* HeroAnimation */;
			targetProxy = 7B63EBDE29AA45B3003EEE09 /* PBXContainerItemProxy */;
		};
/* End PBXTargetDependency section */

/* Begin XCBuildConfiguration section */
		7B63EBE529AA45B3003EEE09 /* Debug */ = {
			isa = XCBuildConfiguration;
			buildSettings = {
				ALWAYS_SEARCH_USER_PATHS = NO;
				CLANG_ANALYZER_NONNULL = YES;
				CLANG_ANALYZER_NUMBER_OBJECT_CONVERSION = YES_AGGRESSIVE;
				CLANG_CXX_LANGUAGE_STANDARD = "gnu++20";
				CLANG_ENABLE_MODULES = YES;
				CLANG_ENABLE_OBJC_ARC = YES;
				CLANG_ENABLE_OBJC_WEAK = YES;
				CLANG_WARN_BLOCK_CAPTURE_AUTORELEASING = YES;
				CLANG_WARN_BOOL_CONVERSION = YES;
				CLANG_WARN_COMMA = YES;
				CLANG_WARN_CONSTANT_CONVERSION = YES;
				CLANG_WARN_DEPRECATED_OBJC_IMPLEMENTATIONS = YES;
				CLANG_WARN_DIRECT_OBJC_ISA_USAGE = YES_ERROR;
				CLANG_WARN_DOCUMENTATION_COMMENTS = YES;
				CLANG_WARN_EMPTY_BODY = YES;
				CLANG_WARN_ENUM_CONVERSION = YES;
				CLANG_WARN_INFINITE_RECURSION = YES;
				CLANG_WARN_INT_CONVERSION = YES;
				CLANG_WARN_NON_LITERAL_NULL_CONVERSION = YES;
				CLANG_WARN_OBJC_IMPLICIT_RETAIN_SELF = YES;
				CLANG_WARN_OBJC_LITERAL_CONVERSION = YES;
				CLANG_WARN_OBJC_ROOT_CLASS = YES_ERROR;
				CLANG_WARN_QUOTED_INCLUDE_IN_FRAMEWORK_HEADER = YES;
				CLANG_WARN_RANGE_LOOP_ANALYSIS = YES;
				CLANG_WARN_STRICT_PROTOTYPES = YES;
				CLANG_WARN_SUSPICIOUS_MOVE = YES;
				CLANG_WARN_UNGUARDED_AVAILABILITY = YES_AGGRESSIVE;
				CLANG_WARN_UNREACHABLE_CODE = YES;
				CLANG_WARN__DUPLICATE_METHOD_MATCH = YES;
				COPY_PHASE_STRIP = NO;
				DEBUG_INFORMATION_FORMAT = dwarf;
				ENABLE_STRICT_OBJC_MSGSEND = YES;
				ENABLE_TESTABILITY = YES;
				GCC_C_LANGUAGE_STANDARD = gnu11;
				GCC_DYNAMIC_NO_PIC = NO;
				GCC_NO_COMMON_BLOCKS = YES;
				GCC_OPTIMIZATION_LEVEL = 0;
				GCC_PREPROCESSOR_DEFINITIONS = (
					"DEBUG=1",
					"$(inherited)",
				);
				GCC_WARN_64_TO_32_BIT_CONVERSION = YES;
				GCC_WARN_ABOUT_RETURN_TYPE = YES_ERROR;
				GCC_WARN_UNDECLARED_SELECTOR = YES;
				GCC_WARN_UNINITIALIZED_AUTOS = YES_AGGRESSIVE;
				GCC_WARN_UNUSED_FUNCTION = YES;
				GCC_WARN_UNUSED_VARIABLE = YES;
				IPHONEOS_DEPLOYMENT_TARGET = 16.2;
				MTL_ENABLE_DEBUG_INFO = INCLUDE_SOURCE;
				MTL_FAST_MATH = YES;
				ONLY_ACTIVE_ARCH = YES;
				SDKROOT = iphoneos;
				SWIFT_ACTIVE_COMPILATION_CONDITIONS = DEBUG;
				SWIFT_OPTIMIZATION_LEVEL = "-Onone";
			};
			name = Debug;
		};
		7B63EBE629AA45B3003EEE09 /* Release */ = {
			isa = XCBuildConfiguration;
			buildSettings = {
				ALWAYS_SEARCH_USER_PATHS = NO;
				CLANG_ANALYZER_NONNULL = YES;
				CLANG_ANALYZER_NUMBER_OBJECT_CONVERSION = YES_AGGRESSIVE;
				CLANG_CXX_LANGUAGE_STANDARD = "gnu++20";
				CLANG_ENABLE_MODULES = YES;
				CLANG_ENABLE_OBJC_ARC = YES;
				CLANG_ENABLE_OBJC_WEAK = YES;
				CLANG_WARN_BLOCK_CAPTURE_AUTORELEASING = YES;
				CLANG_WARN_BOOL_CONVERSION = YES;
				CLANG_WARN_COMMA = YES;
				CLANG_WARN_CONSTANT_CONVERSION = YES;
				CLANG_WARN_DEPRECATED_OBJC_IMPLEMENTATIONS = YES;
				CLANG_WARN_DIRECT_OBJC_ISA_USAGE = YES_ERROR;
				CLANG_WARN_DOCUMENTATION_COMMENTS = YES;
				CLANG_WARN_EMPTY_BODY = YES;
				CLANG_WARN_ENUM_CONVERSION = YES;
				CLANG_WARN_INFINITE_RECURSION = YES;
				CLANG_WARN_INT_CONVERSION = YES;
				CLANG_WARN_NON_LITERAL_NULL_CONVERSION = YES;
				CLANG_WARN_OBJC_IMPLICIT_RETAIN_SELF = YES;
				CLANG_WARN_OBJC_LITERAL_CONVERSION = YES;
				CLANG_WARN_OBJC_ROOT_CLASS = YES_ERROR;
				CLANG_WARN_QUOTED_INCLUDE_IN_FRAMEWORK_HEADER = YES;
				CLANG_WARN_RANGE_LOOP_ANALYSIS = YES;
				CLANG_WARN_STRICT_PROTOTYPES = YES;
				CLANG_WARN_SUSPICIOUS_MOVE = YES;
				CLANG_WARN_UNGUARDED_AVAILABILITY = YES_AGGRESSIVE;
				CLANG_WARN_UNREACHABLE_CODE = YES;
				CLANG_WARN__DUPLICATE_METHOD_MATCH = YES;
				COPY_PHASE_STRIP = NO;
				DEBUG_INFORMATION_FORMAT = "dwarf-with-dsym";
				ENABLE_NS_ASSERTIONS = NO;
				ENABLE_STRICT_OBJC_MSGSEND = YES;
				GCC_C_LANGUAGE_STANDARD = gnu11;
				GCC_NO_COMMON_BLOCKS = YES;
				GCC_WARN_64_TO_32_BIT_CONVERSION = YES;
				GCC_WARN_ABOUT_RETURN_TYPE = YES_ERROR;
				GCC_WARN_UNDECLARED_SELECTOR = YES;
				GCC_WARN_UNINITIALIZED_AUTOS = YES_AGGRESSIVE;
				GCC_WARN_UNUSED_FUNCTION = YES;
				GCC_WARN_UNUSED_VARIABLE = YES;
				IPHONEOS_DEPLOYMENT_TARGET = 16.2;
				MTL_ENABLE_DEBUG_INFO = NO;
				MTL_FAST_MATH = YES;
				SDKROOT = iphoneos;
				SWIFT_COMPILATION_MODE = wholemodule;
				SWIFT_OPTIMIZATION_LEVEL = "-O";
				VALIDATE_PRODUCT = YES;
			};
			name = Release;
		};
		7B63EBE829AA45B3003EEE09 /* Debug */ = {
			isa = XCBuildConfiguration;
			buildSettings = {
				ASSETCATALOG_COMPILER_APPICON_NAME = AppIcon;
				ASSETCATALOG_COMPILER_GLOBAL_ACCENT_COLOR_NAME = AccentColor;
				CODE_SIGN_STYLE = Automatic;
				CURRENT_PROJECT_VERSION = 1;
				DEVELOPMENT_ASSET_PATHS = "\"HeroAnimation/Preview Content\"";
				DEVELOPMENT_TEAM = XRR5P3RD3X;
				ENABLE_PREVIEWS = YES;
				GENERATE_INFOPLIST_FILE = YES;
				INFOPLIST_KEY_UIApplicationSceneManifest_Generation = YES;
				INFOPLIST_KEY_UIApplicationSupportsIndirectInputEvents = YES;
				INFOPLIST_KEY_UILaunchScreen_Generation = YES;
				INFOPLIST_KEY_UISupportedInterfaceOrientations_iPad = "UIInterfaceOrientationPortrait UIInterfaceOrientationPortraitUpsideDown UIInterfaceOrientationLandscapeLeft UIInterfaceOrientationLandscapeRight";
				INFOPLIST_KEY_UISupportedInterfaceOrientations_iPhone = "UIInterfaceOrientationPortrait UIInterfaceOrientationLandscapeLeft UIInterfaceOrientationLandscapeRight";
				LD_RUNPATH_SEARCH_PATHS = (
					"$(inherited)",
					"@executable_path/Frameworks",
				);
				MARKETING_VERSION = 1.0;
				PRODUCT_BUNDLE_IDENTIFIER = abdullahkaraboga.HeroAnimation;
				PRODUCT_NAME = "$(TARGET_NAME)";
				SWIFT_EMIT_LOC_STRINGS = YES;
				SWIFT_VERSION = 5.0;
				TARGETED_DEVICE_FAMILY = "1,2";
			};
			name = Debug;
		};
		7B63EBE929AA45B3003EEE09 /* Release */ = {
			isa = XCBuildConfiguration;
			buildSettings = {
				ASSETCATALOG_COMPILER_APPICON_NAME = AppIcon;
				ASSETCATALOG_COMPILER_GLOBAL_ACCENT_COLOR_NAME = AccentColor;
				CODE_SIGN_STYLE = Automatic;
				CURRENT_PROJECT_VERSION = 1;
				DEVELOPMENT_ASSET_PATHS = "\"HeroAnimation/Preview Content\"";
				DEVELOPMENT_TEAM = XRR5P3RD3X;
				ENABLE_PREVIEWS = YES;
				GENERATE_INFOPLIST_FILE = YES;
				INFOPLIST_KEY_UIApplicationSceneManifest_Generation = YES;
				INFOPLIST_KEY_UIApplicationSupportsIndirectInputEvents = YES;
				INFOPLIST_KEY_UILaunchScreen_Generation = YES;
				INFOPLIST_KEY_UISupportedInterfaceOrientations_iPad = "UIInterfaceOrientationPortrait UIInterfaceOrientationPortraitUpsideDown UIInterfaceOrientationLandscapeLeft UIInterfaceOrientationLandscapeRight";
				INFOPLIST_KEY_UISupportedInterfaceOrientations_iPhone = "UIInterfaceOrientationPortrait UIInterfaceOrientationLandscapeLeft UIInterfaceOrientationLandscapeRight";
				LD_RUNPATH_SEARCH_PATHS = (
					"$(inherited)",
					"@executable_path/Frameworks",
				);
				MARKETING_VERSION = 1.0;
				PRODUCT_BUNDLE_IDENTIFIER = abdullahkaraboga.HeroAnimation;
				PRODUCT_NAME = "$(TARGET_NAME)";
				SWIFT_EMIT_LOC_STRINGS = YES;
				SWIFT_VERSION = 5.0;
				TARGETED_DEVICE_FAMILY = "1,2";
			};
			name = Release;
		};
		7B63EBEB29AA45B3003EEE09 /* Debug */ = {
			isa = XCBuildConfiguration;
			buildSettings = {
				ALWAYS_EMBED_SWIFT_STANDARD_LIBRARIES = YES;
				BUNDLE_LOADER = "$(TEST_HOST)";
				CODE_SIGN_STYLE = Automatic;
				CURRENT_PROJECT_VERSION = 1;
				DEVELOPMENT_TEAM = XRR5P3RD3X;
				GENERATE_INFOPLIST_FILE = YES;
				IPHONEOS_DEPLOYMENT_TARGET = 16.2;
				MARKETING_VERSION = 1.0;
				PRODUCT_BUNDLE_IDENTIFIER = abdullahkaraboga.HeroAnimationTests;
				PRODUCT_NAME = "$(TARGET_NAME)";
				SWIFT_EMIT_LOC_STRINGS = NO;
				SWIFT_VERSION = 5.0;
				TARGETED_DEVICE_FAMILY = "1,2";
				TEST_HOST = "$(BUILT_PRODUCTS_DIR)/HeroAnimation.app/$(BUNDLE_EXECUTABLE_FOLDER_PATH)/HeroAnimation";
			};
			name = Debug;
		};
		7B63EBEC29AA45B3003EEE09 /* Release */ = {
			isa = XCBuildConfiguration;
			buildSettings = {
				ALWAYS_EMBED_SWIFT_STANDARD_LIBRARIES = YES;
				BUNDLE_LOADER = "$(TEST_HOST)";
				CODE_SIGN_STYLE = Automatic;
				CURRENT_PROJECT_VERSION = 1;
				DEVELOPMENT_TEAM = XRR5P3RD3X;
				GENERATE_INFOPLIST_FILE = YES;
				IPHONEOS_DEPLOYMENT_TARGET = 16.2;
				MARKETING_VERSION = 1.0;
				PRODUCT_BUNDLE_IDENTIFIER = abdullahkaraboga.HeroAnimationTests;
				PRODUCT_NAME = "$(TARGET_NAME)";
				SWIFT_EMIT_LOC_STRINGS = NO;
				SWIFT_VERSION = 5.0;
				TARGETED_DEVICE_FAMILY = "1,2";
				TEST_HOST = "$(BUILT_PRODUCTS_DIR)/HeroAnimation.app/$(BUNDLE_EXECUTABLE_FOLDER_PATH)/HeroAnimation";
			};
			name = Release;
		};
		7B63EBEE29AA45B3003EEE09 /* Debug */ = {
			isa = XCBuildConfiguration;
			buildSettings = {
				ALWAYS_EMBED_SWIFT_STANDARD_LIBRARIES = YES;
				CODE_SIGN_STYLE = Automatic;
				CURRENT_PROJECT_VERSION = 1;
				DEVELOPMENT_TEAM = XRR5P3RD3X;
				GENERATE_INFOPLIST_FILE = YES;
				MARKETING_VERSION = 1.0;
				PRODUCT_BUNDLE_IDENTIFIER = abdullahkaraboga.HeroAnimationUITests;
				PRODUCT_NAME = "$(TARGET_NAME)";
				SWIFT_EMIT_LOC_STRINGS = NO;
				SWIFT_VERSION = 5.0;
				TARGETED_DEVICE_FAMILY = "1,2";
				TEST_TARGET_NAME = HeroAnimation;
			};
			name = Debug;
		};
		7B63EBEF29AA45B3003EEE09 /* Release */ = {
			isa = XCBuildConfiguration;
			buildSettings = {
				ALWAYS_EMBED_SWIFT_STANDARD_LIBRARIES = YES;
				CODE_SIGN_STYLE = Automatic;
				CURRENT_PROJECT_VERSION = 1;
				DEVELOPMENT_TEAM = XRR5P3RD3X;
				GENERATE_INFOPLIST_FILE = YES;
				MARKETING_VERSION = 1.0;
				PRODUCT_BUNDLE_IDENTIFIER = abdullahkaraboga.HeroAnimationUITests;
				PRODUCT_NAME = "$(TARGET_NAME)";
				SWIFT_EMIT_LOC_STRINGS = NO;
				SWIFT_VERSION = 5.0;
				TARGETED_DEVICE_FAMILY = "1,2";
				TEST_TARGET_NAME = HeroAnimation;
			};
			name = Release;
		};
/* End XCBuildConfiguration section */

/* Begin XCConfigurationList section */
		7B63EBBE29AA45AE003EEE09 /* Build configuration list for PBXProject "HeroAnimation" */ = {
			isa = XCConfigurationList;
			buildConfigurations = (
				7B63EBE529AA45B3003EEE09 /* Debug */,
				7B63EBE629AA45B3003EEE09 /* Release */,
			);
			defaultConfigurationIsVisible = 0;
			defaultConfigurationName = Release;
		};
		7B63EBE729AA45B3003EEE09 /* Build configuration list for PBXNativeTarget "HeroAnimation" */ = {
			isa = XCConfigurationList;
			buildConfigurations = (
				7B63EBE829AA45B3003EEE09 /* Debug */,
				7B63EBE929AA45B3003EEE09 /* Release */,
			);
			defaultConfigurationIsVisible = 0;
			defaultConfigurationName = Release;
		};
		7B63EBEA29AA45B3003EEE09 /* Build configuration list for PBXNativeTarget "HeroAnimationTests" */ = {
			isa = XCConfigurationList;
			buildConfigurations = (
				7B63EBEB29AA45B3003EEE09 /* Debug */,
				7B63EBEC29AA45B3003EEE09 /* Release */,
			);
			defaultConfigurationIsVisible = 0;
			defaultConfigurationName = Release;
		};
		7B63EBED29AA45B3003EEE09 /* Build configuration list for PBXNativeTarget "HeroAnimationUITests" */ = {
			isa = XCConfigurationList;
			buildConfigurations = (
				7B63EBEE29AA45B3003EEE09 /* Debug */,
				7B63EBEF29AA45B3003EEE09 /* Release */,
			);
			defaultConfigurationIsVisible = 0;
			defaultConfigurationName = Release;
		};
/* End XCConfigurationList section */
	};
	rootObject = 7B63EBBB29AA45AE003EEE09 /* Project object */;
}
